
Microsoft Visual Studio Solution File, Format Version 12.00
# Visual Studio Version 17
VisualStudioVersion = 17.0.31919.166
MinimumVisualStudioVersion = 10.0.40219.1
Project("{8BC9CEB8-8B4A-11D0-8D11-00A0C91BC942}") = "P1MadLibs", "P1MadLibs\P1MadLibs.vcxproj", "{793279C1-CF5D-4D1E-9ABA-B129CCC7822E}"
EndProject
Global
	GlobalSection(SolutionConfigurationPlatforms) = preSolution
		Debug|x64 = Debug|x64
		Debug|x86 = Debug|x86
		Release|x64 = Release|x64
		Release|x86 = Release|x86
	EndGlobalSection
	GlobalSection(ProjectConfigurationPlatforms) = postSolution
		{793279C1-CF5D-4D1E-9ABA-B129CCC7822E}.Debug|x64.ActiveCfg = Debug|x64
		{793279C1-CF5D-4D1E-9ABA-B129CCC7822E}.Debug|x64.Build.0 = Debug|x64
		{793279C1-CF5D-4D1E-9ABA-B129CCC7822E}.Debug|x86.ActiveCfg = Debug|Win32
		{793279C1-CF5D-4D1E-9ABA-B129CCC7822E}.Debug|x86.Build.0 = Debug|Win32
		{793279C1-CF5D-4D1E-9ABA-B129CCC7822E}.Release|x64.ActiveCfg = Release|x64
		{793279C1-CF5D-4D1E-9ABA-B129CCC7822E}.Release|x64.Build.0 = Release|x64
		{793279C1-CF5D-4D1E-9ABA-B129CCC7822E}.Release|x86.ActiveCfg = Release|Win32
		{793279C1-CF5D-4D1E-9ABA-B129CCC7822E}.Release|x86.Build.0 = Release|Win32
	EndGlobalSection
	GlobalSection(SolutionProperties) = preSolution
		HideSolutionNode = FALSE
	EndGlobalSection
	GlobalSection(ExtensibilityGlobals) = postSolution
		SolutionGuid = {FF1DEDD2-F2C5-41EB-909A-BA2BADEBD3CA}
	EndGlobalSection
EndGlobal
